
Microsoft Visual Studio Solution File, Format Version 12.00
# Visual Studio Version 17
VisualStudioVersion = 17.0.31912.275
MinimumVisualStudioVersion = 10.0.40219.1
Project("{FAE04EC0-301F-11D3-BF4B-00C04F79EFBC}") = "u20500964_HW3", "u20500964_HW3\u20500964_HW3.csproj", "{00324749-D0B4-4432-82E4-F70C13338CAE}"
EndProject
Global
	GlobalSection(SolutionConfigurationPlatforms) = preSolution
		Debug|Any CPU = Debug|Any CPU
		Release|Any CPU = Release|Any CPU
	EndGlobalSection
	GlobalSection(ProjectConfigurationPlatforms) = postSolution
		{00324749-D0B4-4432-82E4-F70C13338CAE}.Debug|Any CPU.ActiveCfg = Debug|Any CPU
		{00324749-D0B4-4432-82E4-F70C13338CAE}.Debug|Any CPU.Build.0 = Debug|Any CPU
		{00324749-D0B4-4432-82E4-F70C13338CAE}.Release|Any CPU.ActiveCfg = Release|Any CPU
		{00324749-D0B4-4432-82E4-F70C13338CAE}.Release|Any CPU.Build.0 = Release|Any CPU
	EndGlobalSection
	GlobalSection(SolutionProperties) = preSolution
		HideSolutionNode = FALSE
	EndGlobalSection
	GlobalSection(ExtensibilityGlobals) = postSolution
		SolutionGuid = {257C5398-027D-4613-84D3-768014D641EB}
	EndGlobalSection
EndGlobal
